
Microsoft Visual Studio Solution File, Format Version 12.00
# Visual Studio Version 17
VisualStudioVersion = 17.11.35327.3
MinimumVisualStudioVersion = 10.0.40219.1
Project("{8BC9CEB8-8B4A-11D0-8D11-00A0C91BC942}") = "Atm", "Atm\Atm.vcxproj", "{88B5D39E-39A7-499D-BFBF-C267605F230C}"
EndProject
Global
	GlobalSection(SolutionConfigurationPlatforms) = preSolution
		Debug|x64 = Debug|x64
		Debug|x86 = Debug|x86
		Release|x64 = Release|x64
		Release|x86 = Release|x86
	EndGlobalSection
	GlobalSection(ProjectConfigurationPlatforms) = postSolution
		{88B5D39E-39A7-499D-BFBF-C267605F230C}.Debug|x64.ActiveCfg = Debug|x64
		{88B5D39E-39A7-499D-BFBF-C267605F230C}.Debug|x64.Build.0 = Debug|x64
		{88B5D39E-39A7-499D-BFBF-C267605F230C}.Debug|x86.ActiveCfg = Debug|Win32
		{88B5D39E-39A7-499D-BFBF-C267605F230C}.Debug|x86.Build.0 = Debug|Win32
		{88B5D39E-39A7-499D-BFBF-C267605F230C}.Release|x64.ActiveCfg = Release|x64
		{88B5D39E-39A7-499D-BFBF-C267605F230C}.Release|x64.Build.0 = Release|x64
		{88B5D39E-39A7-499D-BFBF-C267605F230C}.Release|x86.ActiveCfg = Release|Win32
		{88B5D39E-39A7-499D-BFBF-C267605F230C}.Release|x86.Build.0 = Release|Win32
	EndGlobalSection
	GlobalSection(SolutionProperties) = preSolution
		HideSolutionNode = FALSE
	EndGlobalSection
	GlobalSection(ExtensibilityGlobals) = postSolution
		SolutionGuid = {6110EA4A-201C-4C44-B38A-C8737905ADBD}
	EndGlobalSection
EndGlobal
